// !$*UTF8*$!
{
	archiveVersion = 1;
	classes = {
	};
	objectVersion = 46;
	objects = {

/* Begin PBXBuildFile section */
		3C1FB1921DC480420099B42F /* main.m in Sources */ = {isa = PBXBuildFile; fileRef = 3C1FB1911DC480420099B42F /* main.m */; };
		3C1FB1951DC480420099B42F /* AppDelegate.m in Sources */ = {isa = PBXBuildFile; fileRef = 3C1FB1941DC480420099B42F /* AppDelegate.m */; };
		3C1FB1981DC480420099B42F /* ViewController.m in Sources */ = {isa = PBXBuildFile; fileRef = 3C1FB1971DC480420099B42F /* ViewController.m */; };
		3C1FB19B1DC480420099B42F /* Main.storyboard in Resources */ = {isa = PBXBuildFile; fileRef = 3C1FB1991DC480420099B42F /* Main.storyboard */; };
		3C1FB19D1DC480420099B42F /* Assets.xcassets in Resources */ = {isa = PBXBuildFile; fileRef = 3C1FB19C1DC480420099B42F /* Assets.xcassets */; };
		3C1FB1A01DC480420099B42F /* LaunchScreen.storyboard in Resources */ = {isa = PBXBuildFile; fileRef = 3C1FB19E1DC480420099B42F /* LaunchScreen.storyboard */; };
		3C1FB1AB1DC480420099B42F /* ZHWTests.m in Sources */ = {isa = PBXBuildFile; fileRef = 3C1FB1AA1DC480420099B42F /* ZHWTests.m */; };
		3C1FB1B61DC480420099B42F /* ZHWUITests.m in Sources */ = {isa = PBXBuildFile; fileRef = 3C1FB1B51DC480420099B42F /* ZHWUITests.m */; };
/* End PBXBuildFile section */

/* Begin PBXContainerItemProxy section */
		3C1FB1A71DC480420099B42F /* PBXContainerItemProxy */ = {
			isa = PBXContainerItemProxy;
			containerPortal = 3C1FB1851DC480410099B42F /* Project object */;
			proxyType = 1;
			remoteGlobalIDString = 3C1FB18C1DC480420099B42F;
			remoteInfo = ZHW;
		};
		3C1FB1B21DC480420099B42F /* PBXContainerItemProxy */ = {
			isa = PBXContainerItemProxy;
			containerPortal = 3C1FB1851DC480410099B42F /* Project object */;
			proxyType = 1;
			remoteGlobalIDString = 3C1FB18C1DC480420099B42F;
			remoteInfo = ZHW;
		};
/* End PBXContainerItemProxy section */

/* Begin PBXFileReference section */
		3C1FB18D1DC480420099B42F /* ZHW.app */ = {isa = PBXFileReference; explicitFileType = wrapper.application; includeInIndex = 0; path = ZHW.app; sourceTree = BUILT_PRODUCTS_DIR; };
		3C1FB1911DC480420099B42F /* main.m */ = {isa = PBXFileReference; lastKnownFileType = sourcecode.c.objc; path = main.m; sourceTree = "<group>"; };
		3C1FB1931DC480420099B42F /* AppDelegate.h */ = {isa = PBXFileReference; lastKnownFileType = sourcecode.c.h; path = AppDelegate.h; sourceTree = "<group>"; };
		3C1FB1941DC480420099B42F /* AppDelegate.m */ = {isa = PBXFileReference; lastKnownFileType = sourcecode.c.objc; path = AppDelegate.m; sourceTree = "<group>"; };
		3C1FB1961DC480420099B42F /* ViewController.h */ = {isa = PBXFileReference; lastKnownFileType = sourcecode.c.h; path = ViewController.h; sourceTree = "<group>"; };
		3C1FB1971DC480420099B42F /* ViewController.m */ = {isa = PBXFileReference; lastKnownFileType = sourcecode.c.objc; path = ViewController.m; sourceTree = "<group>"; };
		3C1FB19A1DC480420099B42F /* Base */ = {isa = PBXFileReference; lastKnownFileType = file.storyboard; name = Base; path = Base.lproj/Main.storyboard; sourceTree = "<group>"; };
		3C1FB19C1DC480420099B42F /* Assets.xcassets */ = {isa = PBXFileReference; lastKnownFileType = folder.assetcatalog; path = Assets.xcassets; sourceTree = "<group>"; };
		3C1FB19F1DC480420099B42F /* Base */ = {isa = PBXFileReference; lastKnownFileType = file.storyboard; name = Base; path = Base.lproj/LaunchScreen.storyboard; sourceTree = "<group>"; };
		3C1FB1A11DC480420099B42F /* Info.plist */ = {isa = PBXFileReference; lastKnownFileType = text.plist.xml; path = Info.plist; sourceTree = "<group>"; };
		3C1FB1A61DC480420099B42F /* ZHWTests.xctest */ = {isa = PBXFileReference; explicitFileType = wrapper.cfbundle; includeInIndex = 0; path = ZHWTests.xctest; sourceTree = BUILT_PRODUCTS_DIR; };
		3C1FB1AA1DC480420099B42F /* ZHWTests.m */ = {isa = PBXFileReference; lastKnownFileType = sourcecode.c.objc; path = ZHWTests.m; sourceTree = "<group>"; };
		3C1FB1AC1DC480420099B42F /* Info.plist */ = {isa = PBXFileReference; lastKnownFileType = text.plist.xml; path = Info.plist; sourceTree = "<group>"; };
		3C1FB1B11DC480420099B42F /* ZHWUITests.xctest */ = {isa = PBXFileReference; explicitFileType = wrapper.cfbundle; includeInIndex = 0; path = ZHWUITests.xctest; sourceTree = BUILT_PRODUCTS_DIR; };
		3C1FB1B51DC480420099B42F /* ZHWUITests.m */ = {isa = PBXFileReference; lastKnownFileType = sourcecode.c.objc; path = ZHWUITests.m; sourceTree = "<group>"; };
		3C1FB1B71DC480420099B42F /* Info.plist */ = {isa = PBXFileReference; lastKnownFileType = text.plist.xml; path = Info.plist; sourceTree = "<group>"; };
/* End PBXFileReference section */

/* Begin PBXFrameworksBuildPhase section */
		3C1FB18A1DC480420099B42F /* Frameworks */ = {
			isa = PBXFrameworksBuildPhase;
			buildActionMask = 2147483647;
			files = (
			);
			runOnlyForDeploymentPostprocessing = 0;
		};
		3C1FB1A31DC480420099B42F /* Frameworks */ = {
			isa = PBXFrameworksBuildPhase;
			buildActionMask = 2147483647;
			files = (
			);
			runOnlyForDeploymentPostprocessing = 0;
		};
		3C1FB1AE1DC480420099B42F /* Frameworks */ = {
			isa = PBXFrameworksBuildPhase;
			buildActionMask = 2147483647;
			files = (
			);
			runOnlyForDeploymentPostprocessing = 0;
		};
/* End PBXFrameworksBuildPhase section */

/* Begin PBXGroup section */
		3C1FB1841DC480410099B42F = {
			isa = PBXGroup;
			children = (
				3C1FB18F1DC480420099B42F /* ZHW */,
				3C1FB1A91DC480420099B42F /* ZHWTests */,
				3C1FB1B41DC480420099B42F /* ZHWUITests */,
				3C1FB18E1DC480420099B42F /* Products */,
			);
			sourceTree = "<group>";
		};
		3C1FB18E1DC480420099B42F /* Products */ = {
			isa = PBXGroup;
			children = (
				3C1FB18D1DC480420099B42F /* ZHW.app */,
				3C1FB1A61DC480420099B42F /* ZHWTests.xctest */,
				3C1FB1B11DC480420099B42F /* ZHWUITests.xctest */,
			);
			name = Products;
			sourceTree = "<group>";
		};
		3C1FB18F1DC480420099B42F /* ZHW */ = {
			isa = PBXGroup;
			children = (
				3C1FB1931DC480420099B42F /* AppDelegate.h */,
				3C1FB1941DC480420099B42F /* AppDelegate.m */,
				3C1FB1961DC480420099B42F /* ViewController.h */,
				3C1FB1971DC480420099B42F /* ViewController.m */,
				3C1FB1991DC480420099B42F /* Main.storyboard */,
				3C1FB19C1DC480420099B42F /* Assets.xcassets */,
				3C1FB19E1DC480420099B42F /* LaunchScreen.storyboard */,
				3C1FB1A11DC480420099B42F /* Info.plist */,
				3C1FB1901DC480420099B42F /* Supporting Files */,
			);
			path = ZHW;
			sourceTree = "<group>";
		};
		3C1FB1901DC480420099B42F /* Supporting Files */ = {
			isa = PBXGroup;
			children = (
				3C1FB1911DC480420099B42F /* main.m */,
			);
			name = "Supporting Files";
			sourceTree = "<group>";
		};
		3C1FB1A91DC480420099B42F /* ZHWTests */ = {
			isa = PBXGroup;
			children = (
				3C1FB1AA1DC480420099B42F /* ZHWTests.m */,
				3C1FB1AC1DC480420099B42F /* Info.plist */,
			);
			path = ZHWTests;
			sourceTree = "<group>";
		};
		3C1FB1B41DC480420099B42F /* ZHWUITests */ = {
			isa = PBXGroup;
			children = (
				3C1FB1B51DC480420099B42F /* ZHWUITests.m */,
				3C1FB1B71DC480420099B42F /* Info.plist */,
			);
			path = ZHWUITests;
			sourceTree = "<group>";
		};
/* End PBXGroup section */

/* Begin PBXNativeTarget section */
		3C1FB18C1DC480420099B42F /* ZHW */ = {
			isa = PBXNativeTarget;
			buildConfigurationList = 3C1FB1BA1DC480420099B42F /* Build configuration list for PBXNativeTarget "ZHW" */;
			buildPhases = (
				3C1FB1891DC480420099B42F /* Sources */,
				3C1FB18A1DC480420099B42F /* Frameworks */,
				3C1FB18B1DC480420099B42F /* Resources */,
			);
			buildRules = (
			);
			dependencies = (
			);
			name = ZHW;
			productName = ZHW;
			productReference = 3C1FB18D1DC480420099B42F /* ZHW.app */;
			productType = "com.apple.product-type.application";
		};
		3C1FB1A51DC480420099B42F /* ZHWTests */ = {
			isa = PBXNativeTarget;
			buildConfigurationList = 3C1FB1BD1DC480420099B42F /* Build configuration list for PBXNativeTarget "ZHWTests" */;
			buildPhases = (
				3C1FB1A21DC480420099B42F /* Sources */,
				3C1FB1A31DC480420099B42F /* Frameworks */,
				3C1FB1A41DC480420099B42F /* Resources */,
			);
			buildRules = (
			);
			dependencies = (
				3C1FB1A81DC480420099B42F /* PBXTargetDependency */,
			);
			name = ZHWTests;
			productName = ZHWTests;
			productReference = 3C1FB1A61DC480420099B42F /* ZHWTests.xctest */;
			productType = "com.apple.product-type.bundle.unit-test";
		};
		3C1FB1B01DC480420099B42F /* ZHWUITests */ = {
			isa = PBXNativeTarget;
			buildConfigurationList = 3C1FB1C01DC480420099B42F /* Build configuration list for PBXNativeTarget "ZHWUITests" */;
			buildPhases = (
				3C1FB1AD1DC480420099B42F /* Sources */,
				3C1FB1AE1DC480420099B42F /* Frameworks */,
				3C1FB1AF1DC480420099B42F /* Resources */,
			);
			buildRules = (
			);
			dependencies = (
				3C1FB1B31DC480420099B42F /* PBXTargetDependency */,
			);
			name = ZHWUITests;
			productName = ZHWUITests;
			productReference = 3C1FB1B11DC480420099B42F /* ZHWUITests.xctest */;
			productType = "com.apple.product-type.bundle.ui-testing";
		};
/* End PBXNativeTarget section */

/* Begin PBXProject section */
		3C1FB1851DC480410099B42F /* Project object */ = {
			isa = PBXProject;
			attributes = {
				LastUpgradeCheck = 0800;
				ORGANIZATIONNAME = "闫世超";
				TargetAttributes = {
					3C1FB18C1DC480420099B42F = {
						CreatedOnToolsVersion = 8.0;
						ProvisioningStyle = Automatic;
					};
					3C1FB1A51DC480420099B42F = {
						CreatedOnToolsVersion = 8.0;
						ProvisioningStyle = Automatic;
						TestTargetID = 3C1FB18C1DC480420099B42F;
					};
					3C1FB1B01DC480420099B42F = {
						CreatedOnToolsVersion = 8.0;
						ProvisioningStyle = Automatic;
						TestTargetID = 3C1FB18C1DC480420099B42F;
					};
				};
			};
			buildConfigurationList = 3C1FB1881DC480410099B42F /* Build configuration list for PBXProject "ZHW" */;
			compatibilityVersion = "Xcode 3.2";
			developmentRegion = English;
			hasScannedForEncodings = 0;
			knownRegions = (
				en,
				Base,
			);
			mainGroup = 3C1FB1841DC480410099B42F;
			productRefGroup = 3C1FB18E1DC480420099B42F /* Products */;
			projectDirPath = "";
			projectRoot = "";
			targets = (
				3C1FB18C1DC480420099B42F /* ZHW */,
				3C1FB1A51DC480420099B42F /* ZHWTests */,
				3C1FB1B01DC480420099B42F /* ZHWUITests */,
			);
		};
/* End PBXProject section */

/* Begin PBXResourcesBuildPhase section */
		3C1FB18B1DC480420099B42F /* Resources */ = {
			isa = PBXResourcesBuildPhase;
			buildActionMask = 2147483647;
			files = (
				3C1FB1A01DC480420099B42F /* LaunchScreen.storyboard in Resources */,
				3C1FB19D1DC480420099B42F /* Assets.xcassets in Resources */,
				3C1FB19B1DC480420099B42F /* Main.storyboard in Resources */,
			);
			runOnlyForDeploymentPostprocessing = 0;
		};
		3C1FB1A41DC480420099B42F /* Resources */ = {
			isa = PBXResourcesBuildPhase;
			buildActionMask = 2147483647;
			files = (
			);
			runOnlyForDeploymentPostprocessing = 0;
		};
		3C1FB1AF1DC480420099B42F /* Resources */ = {
			isa = PBXResourcesBuildPhase;
			buildActionMask = 2147483647;
			files = (
			);
			runOnlyForDeploymentPostprocessing = 0;
		};
/* End PBXResourcesBuildPhase section */

/* Begin PBXSourcesBuildPhase section */
		3C1FB1891DC480420099B42F /* Sources */ = {
			isa = PBXSourcesBuildPhase;
			buildActionMask = 2147483647;
			files = (
				3C1FB1981DC480420099B42F /* ViewController.m in Sources */,
				3C1FB1951DC480420099B42F /* AppDelegate.m in Sources */,
				3C1FB1921DC480420099B42F /* main.m in Sources */,
			);
			runOnlyForDeploymentPostprocessing = 0;
		};
		3C1FB1A21DC480420099B42F /* Sources */ = {
			isa = PBXSourcesBuildPhase;
			buildActionMask = 2147483647;
			files = (
				3C1FB1AB1DC480420099B42F /* ZHWTests.m in Sources */,
			);
			runOnlyForDeploymentPostprocessing = 0;
		};
		3C1FB1AD1DC480420099B42F /* Sources */ = {
			isa = PBXSourcesBuildPhase;
			buildActionMask = 2147483647;
			files = (
				3C1FB1B61DC480420099B42F /* ZHWUITests.m in Sources */,
			);
			runOnlyForDeploymentPostprocessing = 0;
		};
/* End PBXSourcesBuildPhase section */

/* Begin PBXTargetDependency section */
		3C1FB1A81DC480420099B42F /* PBXTargetDependency */ = {
			isa = PBXTargetDependency;
			target = 3C1FB18C1DC480420099B42F /* ZHW */;
			targetProxy = 3C1FB1A71DC480420099B42F /* PBXContainerItemProxy */;
		};
		3C1FB1B31DC480420099B42F /* PBXTargetDependency */ = {
			isa = PBXTargetDependency;
			target = 3C1FB18C1DC480420099B42F /* ZHW */;
			targetProxy = 3C1FB1B21DC480420099B42F /* PBXContainerItemProxy */;
		};
/* End PBXTargetDependency section */

/* Begin PBXVariantGroup section */
		3C1FB1991DC480420099B42F /* Main.storyboard */ = {
			isa = PBXVariantGroup;
			children = (
				3C1FB19A1DC480420099B42F /* Base */,
			);
			name = Main.storyboard;
			sourceTree = "<group>";
		};
		3C1FB19E1DC480420099B42F /* LaunchScreen.storyboard */ = {
			isa = PBXVariantGroup;
			children = (
				3C1FB19F1DC480420099B42F /* Base */,
			);
			name = LaunchScreen.storyboard;
			sourceTree = "<group>";
		};
/* End PBXVariantGroup section */

/* Begin XCBuildConfiguration section */
		3C1FB1B81DC480420099B42F /* Debug */ = {
			isa = XCBuildConfiguration;
			buildSettings = {
				ALWAYS_SEARCH_USER_PATHS = NO;
				CLANG_ANALYZER_NONNULL = YES;
				CLANG_CXX_LANGUAGE_STANDARD = "gnu++0x";
				CLANG_CXX_LIBRARY = "libc++";
				CLANG_ENABLE_MODULES = YES;
				CLANG_ENABLE_OBJC_ARC = YES;
				CLANG_WARN_BOOL_CONVERSION = YES;
				CLANG_WARN_CONSTANT_CONVERSION = YES;
				CLANG_WARN_DIRECT_OBJC_ISA_USAGE = YES_ERROR;
				CLANG_WARN_DOCUMENTATION_COMMENTS = YES;
				CLANG_WARN_EMPTY_BODY = YES;
				CLANG_WARN_ENUM_CONVERSION = YES;
				CLANG_WARN_INFINITE_RECURSION = YES;
				CLANG_WARN_INT_CONVERSION = YES;
				CLANG_WARN_OBJC_ROOT_CLASS = YES_ERROR;
				CLANG_WARN_SUSPICIOUS_MOVES = YES;
				CLANG_WARN_UNREACHABLE_CODE = YES;
				CLANG_WARN__DUPLICATE_METHOD_MATCH = YES;
				"CODE_SIGN_IDENTITY[sdk=iphoneos*]" = "iPhone Developer";
				COPY_PHASE_STRIP = NO;
				DEBUG_INFORMATION_FORMAT = dwarf;
				ENABLE_STRICT_OBJC_MSGSEND = YES;
				ENABLE_TESTABILITY = YES;
				GCC_C_LANGUAGE_STANDARD = gnu99;
				GCC_DYNAMIC_NO_PIC = NO;
				GCC_NO_COMMON_BLOCKS = YES;
				GCC_OPTIMIZATION_LEVEL = 0;
				GCC_PREPROCESSOR_DEFINITIONS = (
					"DEBUG=1",
					"$(inherited)",
				);
				GCC_WARN_64_TO_32_BIT_CONVERSION = YES;
				GCC_WARN_ABOUT_RETURN_TYPE = YES_ERROR;
				GCC_WARN_UNDECLARED_SELECTOR = YES;
				GCC_WARN_UNINITIALIZED_AUTOS = YES_AGGRESSIVE;
				GCC_WARN_UNUSED_FUNCTION = YES;
				GCC_WARN_UNUSED_VARIABLE = YES;
				IPHONEOS_DEPLOYMENT_TARGET = 10.0;
				MTL_ENABLE_DEBUG_INFO = YES;
				ONLY_ACTIVE_ARCH = YES;
				SDKROOT = iphoneos;
				TARGETED_DEVICE_FAMILY = "1,2";
			};
			name = Debug;
		};
		3C1FB1B91DC480420099B42F /* Release */ = {
			isa = XCBuildConfiguration;
			buildSettings = {
				ALWAYS_SEARCH_USER_PATHS = NO;
				CLANG_ANALYZER_NONNULL = YES;
				CLANG_CXX_LANGUAGE_STANDARD = "gnu++0x";
				CLANG_CXX_LIBRARY = "libc++";
				CLANG_ENABLE_MODULES = YES;
				CLANG_ENABLE_OBJC_ARC = YES;
				CLANG_WARN_BOOL_CONVERSION = YES;
				CLANG_WARN_CONSTANT_CONVERSION = YES;
				CLANG_WARN_DIRECT_OBJC_ISA_USAGE = YES_ERROR;
				CLANG_WARN_DOCUMENTATION_COMMENTS = YES;
				CLANG_WARN_EMPTY_BODY = YES;
				CLANG_WARN_ENUM_CONVERSION = YES;
				CLANG_WARN_INFINITE_RECURSION = YES;
				CLANG_WARN_INT_CONVERSION = YES;
				CLANG_WARN_OBJC_ROOT_CLASS = YES_ERROR;
				CLANG_WARN_SUSPICIOUS_MOVES = YES;
				CLANG_WARN_UNREACHABLE_CODE = YES;
				CLANG_WARN__DUPLICATE_METHOD_MATCH = YES;
				"CODE_SIGN_IDENTITY[sdk=iphoneos*]" = "iPhone Developer";
				COPY_PHASE_STRIP = NO;
				DEBUG_INFORMATION_FORMAT = "dwarf-with-dsym";
				ENABLE_NS_ASSERTIONS = NO;
				ENABLE_STRICT_OBJC_MSGSEND = YES;
				GCC_C_LANGUAGE_STANDARD = gnu99;
				GCC_NO_COMMON_BLOCKS = YES;
				GCC_WARN_64_TO_32_BIT_CONVERSION = YES;
				GCC_WARN_ABOUT_RETURN_TYPE = YES_ERROR;
				GCC_WARN_UNDECLARED_SELECTOR = YES;
				GCC_WARN_UNINITIALIZED_AUTOS = YES_AGGRESSIVE;
				GCC_WARN_UNUSED_FUNCTION = YES;
				GCC_WARN_UNUSED_VARIABLE = YES;
				IPHONEOS_DEPLOYMENT_TARGET = 10.0;
				MTL_ENABLE_DEBUG_INFO = NO;
				SDKROOT = iphoneos;
				TARGETED_DEVICE_FAMILY = "1,2";
				VALIDATE_PRODUCT = YES;
			};
			name = Release;
		};
		3C1FB1BB1DC480420099B42F /* Debug */ = {
			isa = XCBuildConfiguration;
			buildSettings = {
				ASSETCATALOG_COMPILER_APPICON_NAME = AppIcon;
				INFOPLIST_FILE = ZHW/Info.plist;
				LD_RUNPATH_SEARCH_PATHS = "$(inherited) @executable_path/Frameworks";
				PRODUCT_BUNDLE_IDENTIFIER = xiaoyan.ZHW;
				PRODUCT_NAME = "$(TARGET_NAME)";
			};
			name = Debug;
		};
		3C1FB1BC1DC480420099B42F /* Release */ = {
			isa = XCBuildConfiguration;
			buildSettings = {
				ASSETCATALOG_COMPILER_APPICON_NAME = AppIcon;
				INFOPLIST_FILE = ZHW/Info.plist;
				LD_RUNPATH_SEARCH_PATHS = "$(inherited) @executable_path/Frameworks";
				PRODUCT_BUNDLE_IDENTIFIER = xiaoyan.ZHW;
				PRODUCT_NAME = "$(TARGET_NAME)";
			};
			name = Release;
		};
		3C1FB1BE1DC480420099B42F /* Debug */ = {
			isa = XCBuildConfiguration;
			buildSettings = {
				BUNDLE_LOADER = "$(TEST_HOST)";
				INFOPLIST_FILE = ZHWTests/Info.plist;
				LD_RUNPATH_SEARCH_PATHS = "$(inherited) @executable_path/Frameworks @loader_path/Frameworks";
				PRODUCT_BUNDLE_IDENTIFIER = xiaoyan.ZHWTests;
				PRODUCT_NAME = "$(TARGET_NAME)";
				TEST_HOST = "$(BUILT_PRODUCTS_DIR)/ZHW.app/ZHW";
			};
			name = Debug;
		};
		3C1FB1BF1DC480420099B42F /* Release */ = {
			isa = XCBuildConfiguration;
			buildSettings = {
				BUNDLE_LOADER = "$(TEST_HOST)";
				INFOPLIST_FILE = ZHWTests/Info.plist;
				LD_RUNPATH_SEARCH_PATHS = "$(inherited) @executable_path/Frameworks @loader_path/Frameworks";
				PRODUCT_BUNDLE_IDENTIFIER = xiaoyan.ZHWTests;
				PRODUCT_NAME = "$(TARGET_NAME)";
				TEST_HOST = "$(BUILT_PRODUCTS_DIR)/ZHW.app/ZHW";
			};
			name = Release;
		};
		3C1FB1C11DC480420099B42F /* Debug */ = {
			isa = XCBuildConfiguration;
			buildSettings = {
				INFOPLIST_FILE = ZHWUITests/Info.plist;
				LD_RUNPATH_SEARCH_PATHS = "$(inherited) @executable_path/Frameworks @loader_path/Frameworks";
				PRODUCT_BUNDLE_IDENTIFIER = xiaoyan.ZHWUITests;
				PRODUCT_NAME = "$(TARGET_NAME)";
				TEST_TARGET_NAME = ZHW;
			};
			name = Debug;
		};
		3C1FB1C21DC480420099B42F /* Release */ = {
			isa = XCBuildConfiguration;
			buildSettings = {
				INFOPLIST_FILE = ZHWUITests/Info.plist;
				LD_RUNPATH_SEARCH_PATHS = "$(inherited) @executable_path/Frameworks @loader_path/Frameworks";
				PRODUCT_BUNDLE_IDENTIFIER = xiaoyan.ZHWUITests;
				PRODUCT_NAME = "$(TARGET_NAME)";
				TEST_TARGET_NAME = ZHW;
			};
			name = Release;
		};
/* End XCBuildConfiguration section */

/* Begin XCConfigurationList section */
		3C1FB1881DC480410099B42F /* Build configuration list for PBXProject "ZHW" */ = {
			isa = XCConfigurationList;
			buildConfigurations = (
				3C1FB1B81DC480420099B42F /* Debug */,
				3C1FB1B91DC480420099B42F /* Release */,
			);
			defaultConfigurationIsVisible = 0;
			defaultConfigurationName = Release;
		};
		3C1FB1BA1DC480420099B42F /* Build configuration list for PBXNativeTarget "ZHW" */ = {
			isa = XCConfigurationList;
			buildConfigurations = (
				3C1FB1BB1DC480420099B42F /* Debug */,
				3C1FB1BC1DC480420099B42F /* Release */,
			);
			defaultConfigurationIsVisible = 0;
		};
		3C1FB1BD1DC480420099B42F /* Build configuration list for PBXNativeTarget "ZHWTests" */ = {
			isa = XCConfigurationList;
			buildConfigurations = (
				3C1FB1BE1DC480420099B42F /* Debug */,
				3C1FB1BF1DC480420099B42F /* Release */,
			);
			defaultConfigurationIsVisible = 0;
		};
		3C1FB1C01DC480420099B42F /* Build configuration list for PBXNativeTarget "ZHWUITests" */ = {
			isa = XCConfigurationList;
			buildConfigurations = (
				3C1FB1C11DC480420099B42F /* Debug */,
				3C1FB1C21DC480420099B42F /* Release */,
			);
			defaultConfigurationIsVisible = 0;
		};
/* End XCConfigurationList section */
	};
	rootObject = 3C1FB1851DC480410099B42F /* Project object */;
}
